
Microsoft Visual Studio Solution File, Format Version 12.00
# Visual Studio 14
VisualStudioVersion = 14.0.24720.0
MinimumVisualStudioVersion = 10.0.40219.1
Project("{2150E333-8FDC-42A3-9474-1A3956D46DE8}") = "Solution Items", "Solution Items", "{9A6479BC-D66C-4145-B11F-E9FEDA427063}"
	ProjectSection(SolutionItems) = preProject
		.gitattributes = .gitattributes
		.gitignore = .gitignore
		changelog.md = changelog.md
		readme.md = readme.md
	EndProjectSection
EndProject
Project("{FAE04EC0-301F-11D3-BF4B-00C04F79EFBC}") = "Pressiah", "src\Pressiah\Pressiah.csproj", "{606F8C40-F456-4068-B6D2-489224F1C22A}"
EndProject
Project("{2150E333-8FDC-42A3-9474-1A3956D46DE8}") = "manifest", "manifest", "{CE826686-1DC6-4682-9133-B62326A53035}"
	ProjectSection(SolutionItems) = preProject
		manifest\SharedAssemblyInfo.cs = manifest\SharedAssemblyInfo.cs
	EndProjectSection
EndProject
Global
	GlobalSection(SolutionConfigurationPlatforms) = preSolution
		Debug|Any CPU = Debug|Any CPU
		Release|Any CPU = Release|Any CPU
	EndGlobalSection
	GlobalSection(ProjectConfigurationPlatforms) = postSolution
		{606F8C40-F456-4068-B6D2-489224F1C22A}.Debug|Any CPU.ActiveCfg = Debug|Any CPU
		{606F8C40-F456-4068-B6D2-489224F1C22A}.Debug|Any CPU.Build.0 = Debug|Any CPU
		{606F8C40-F456-4068-B6D2-489224F1C22A}.Release|Any CPU.ActiveCfg = Release|Any CPU
		{606F8C40-F456-4068-B6D2-489224F1C22A}.Release|Any CPU.Build.0 = Release|Any CPU
	EndGlobalSection
	GlobalSection(SolutionProperties) = preSolution
		HideSolutionNode = FALSE
	EndGlobalSection
	GlobalSection(NestedProjects) = preSolution
		{CE826686-1DC6-4682-9133-B62326A53035} = {9A6479BC-D66C-4145-B11F-E9FEDA427063}
	EndGlobalSection
EndGlobal
